
Microsoft Visual Studio Solution File, Format Version 12.00
# Visual Studio 15
VisualStudioVersion = 15.0.27130.2027
MinimumVisualStudioVersion = 10.0.40219.1
Project("{FAE04EC0-301F-11D3-BF4B-00C04F79EFBC}") = "Recipe", "Recipe\Recipe.csproj", "{E0CB1100-63A6-4615-B55F-10FCB1A538B9}"
EndProject
Project("{FAE04EC0-301F-11D3-BF4B-00C04F79EFBC}") = "Recipe.Tests", "Recipe.Tests\Recipe.Tests.csproj", "{D415FD58-966A-47F1-B0AB-B401D1AAE328}"
EndProject
Project("{FAE04EC0-301F-11D3-BF4B-00C04F79EFBC}") = "Recipe.Services", "Recipe.Services\Recipe.Services.csproj", "{FF4F4D1A-5FA6-444C-82E8-4FF9389BA3C5}"
EndProject
Global
	GlobalSection(SolutionConfigurationPlatforms) = preSolution
		Debug|Any CPU = Debug|Any CPU
		Release|Any CPU = Release|Any CPU
	EndGlobalSection
	GlobalSection(ProjectConfigurationPlatforms) = postSolution
		{E0CB1100-63A6-4615-B55F-10FCB1A538B9}.Debug|Any CPU.ActiveCfg = Debug|Any CPU
		{E0CB1100-63A6-4615-B55F-10FCB1A538B9}.Debug|Any CPU.Build.0 = Debug|Any CPU
		{E0CB1100-63A6-4615-B55F-10FCB1A538B9}.Release|Any CPU.ActiveCfg = Release|Any CPU
		{E0CB1100-63A6-4615-B55F-10FCB1A538B9}.Release|Any CPU.Build.0 = Release|Any CPU
		{D415FD58-966A-47F1-B0AB-B401D1AAE328}.Debug|Any CPU.ActiveCfg = Debug|Any CPU
		{D415FD58-966A-47F1-B0AB-B401D1AAE328}.Debug|Any CPU.Build.0 = Debug|Any CPU
		{D415FD58-966A-47F1-B0AB-B401D1AAE328}.Release|Any CPU.ActiveCfg = Release|Any CPU
		{D415FD58-966A-47F1-B0AB-B401D1AAE328}.Release|Any CPU.Build.0 = Release|Any CPU
		{FF4F4D1A-5FA6-444C-82E8-4FF9389BA3C5}.Debug|Any CPU.ActiveCfg = Debug|Any CPU
		{FF4F4D1A-5FA6-444C-82E8-4FF9389BA3C5}.Debug|Any CPU.Build.0 = Debug|Any CPU
		{FF4F4D1A-5FA6-444C-82E8-4FF9389BA3C5}.Release|Any CPU.ActiveCfg = Release|Any CPU
		{FF4F4D1A-5FA6-444C-82E8-4FF9389BA3C5}.Release|Any CPU.Build.0 = Release|Any CPU
	EndGlobalSection
	GlobalSection(SolutionProperties) = preSolution
		HideSolutionNode = FALSE
	EndGlobalSection
	GlobalSection(ExtensibilityGlobals) = postSolution
		SolutionGuid = {A96F6E67-8F66-4FF8-9ABE-11868F761EEA}
	EndGlobalSection
EndGlobal
